
Microsoft Visual Studio Solution File, Format Version 12.00
# Visual Studio Version 16
VisualStudioVersion = 16.0.29418.71
MinimumVisualStudioVersion = 10.0.40219.1
Project("{9A19103F-16F7-4668-BE54-9A1E7A4F7556}") = "core Razor Example", "core Razor Example.csproj", "{ABB398C4-DDCC-472D-A3A4-8C166A887268}"
EndProject
Global
	GlobalSection(SolutionConfigurationPlatforms) = preSolution
		Debug|Any CPU = Debug|Any CPU
		Release|Any CPU = Release|Any CPU
	EndGlobalSection
	GlobalSection(ProjectConfigurationPlatforms) = postSolution
		{ABB398C4-DDCC-472D-A3A4-8C166A887268}.Debug|Any CPU.ActiveCfg = Debug|Any CPU
		{ABB398C4-DDCC-472D-A3A4-8C166A887268}.Debug|Any CPU.Build.0 = Debug|Any CPU
		{ABB398C4-DDCC-472D-A3A4-8C166A887268}.Release|Any CPU.ActiveCfg = Release|Any CPU
		{ABB398C4-DDCC-472D-A3A4-8C166A887268}.Release|Any CPU.Build.0 = Release|Any CPU
	EndGlobalSection
	GlobalSection(SolutionProperties) = preSolution
		HideSolutionNode = FALSE
	EndGlobalSection
	GlobalSection(ExtensibilityGlobals) = postSolution
		SolutionGuid = {F4C5419F-FA96-4BE7-ACDB-F9367A0548CA}
	EndGlobalSection
EndGlobal
